
Microsoft Visual Studio Solution File, Format Version 12.00
# Visual Studio Version 17
VisualStudioVersion = 17.8.34330.188
MinimumVisualStudioVersion = 10.0.40219.1
Project("{FAE04EC0-301F-11D3-BF4B-00C04F79EFBC}") = "ADHarp", "ADHarp.csproj", "{101AD1DB-787D-46D2-8C09-0686351E9EB5}"
EndProject
Global
	GlobalSection(SolutionConfigurationPlatforms) = preSolution
		Debug|Any CPU = Debug|Any CPU
		Release|Any CPU = Release|Any CPU
	EndGlobalSection
	GlobalSection(ProjectConfigurationPlatforms) = postSolution
		{101AD1DB-787D-46D2-8C09-0686351E9EB5}.Debug|Any CPU.ActiveCfg = Debug|Any CPU
		{101AD1DB-787D-46D2-8C09-0686351E9EB5}.Debug|Any CPU.Build.0 = Debug|Any CPU
		{101AD1DB-787D-46D2-8C09-0686351E9EB5}.Release|Any CPU.ActiveCfg = Release|Any CPU
		{101AD1DB-787D-46D2-8C09-0686351E9EB5}.Release|Any CPU.Build.0 = Release|Any CPU
	EndGlobalSection
	GlobalSection(SolutionProperties) = preSolution
		HideSolutionNode = FALSE
	EndGlobalSection
	GlobalSection(ExtensibilityGlobals) = postSolution
		SolutionGuid = {C927104A-3132-42AB-9B77-4CE5D2C20E3C}
	EndGlobalSection
EndGlobal
